
Microsoft Visual Studio Solution File, Format Version 12.00
# Visual Studio Version 16
VisualStudioVersion = 16.0.30204.135
MinimumVisualStudioVersion = 10.0.40219.1
Project("{FAE04EC0-301F-11D3-BF4B-00C04F79EFBC}") = "AutoCompleteSearch", "AutoCompleteSearch\AutoCompleteSearch.csproj", "{AACB7A78-0BDA-464F-ADA4-4B1F17F30EF6}"
EndProject
Global
	GlobalSection(SolutionConfigurationPlatforms) = preSolution
		Debug|Any CPU = Debug|Any CPU
		Release|Any CPU = Release|Any CPU
	EndGlobalSection
	GlobalSection(ProjectConfigurationPlatforms) = postSolution
		{AACB7A78-0BDA-464F-ADA4-4B1F17F30EF6}.Debug|Any CPU.ActiveCfg = Debug|Any CPU
		{AACB7A78-0BDA-464F-ADA4-4B1F17F30EF6}.Debug|Any CPU.Build.0 = Debug|Any CPU
		{AACB7A78-0BDA-464F-ADA4-4B1F17F30EF6}.Release|Any CPU.ActiveCfg = Release|Any CPU
		{AACB7A78-0BDA-464F-ADA4-4B1F17F30EF6}.Release|Any CPU.Build.0 = Release|Any CPU
	EndGlobalSection
	GlobalSection(SolutionProperties) = preSolution
		HideSolutionNode = FALSE
	EndGlobalSection
	GlobalSection(ExtensibilityGlobals) = postSolution
		SolutionGuid = {08117168-DB67-4BCF-9116-D2AEF2458A33}
	EndGlobalSection
EndGlobal
